
Microsoft Visual Studio Solution File, Format Version 12.00
# Visual Studio Version 17
VisualStudioVersion = 17.9.34728.123
MinimumVisualStudioVersion = 10.0.40219.1
Project("{FAE04EC0-301F-11D3-BF4B-00C04F79EFBC}") = "W8EpicGame", "W8EpicGame\W8EpicGame.csproj", "{FE2656B9-F49E-4930-872C-F4A38D5D4A4A}"
EndProject
Global
	GlobalSection(SolutionConfigurationPlatforms) = preSolution
		Debug|Any CPU = Debug|Any CPU
		Release|Any CPU = Release|Any CPU
	EndGlobalSection
	GlobalSection(ProjectConfigurationPlatforms) = postSolution
		{FE2656B9-F49E-4930-872C-F4A38D5D4A4A}.Debug|Any CPU.ActiveCfg = Debug|Any CPU
		{FE2656B9-F49E-4930-872C-F4A38D5D4A4A}.Debug|Any CPU.Build.0 = Debug|Any CPU
		{FE2656B9-F49E-4930-872C-F4A38D5D4A4A}.Release|Any CPU.ActiveCfg = Release|Any CPU
		{FE2656B9-F49E-4930-872C-F4A38D5D4A4A}.Release|Any CPU.Build.0 = Release|Any CPU
	EndGlobalSection
	GlobalSection(SolutionProperties) = preSolution
		HideSolutionNode = FALSE
	EndGlobalSection
	GlobalSection(ExtensibilityGlobals) = postSolution
		SolutionGuid = {892734C4-934D-4DF6-B081-934D507CADEB}
	EndGlobalSection
EndGlobal
